<?xml version="1.0" encoding="utf-8"?>
<Project ToolsVersion="4.0" xmlns="http://schemas.microsoft.com/developer/msbuild/2003">
  <ItemGroup>
    <Filter Include="Source Files">
      <UniqueIdentifier>{4FC737F1-C7A5-4376-A066-2A32D752A2FF}</UniqueIdentifier>
      <Extensions>cpp;c;cc;cxx;def;odl;idl;hpj;bat;asm;asmx</Extensions>
    </Filter>
    <Filter Include="Header Files">
      <UniqueIdentifier>{93995380-89BD-4b04-88EB-625FBE52EBFB}</UniqueIdentifier>
      <Extensions>h;hh;hpp;hxx;hm;inl;inc;xsd</Extensions>
    </Filter>
    <Filter Include="TZoo Header Files">
      <UniqueIdentifier>{8a62475d-6d73-481b-88ec-cba0ea4c340a}</UniqueIdentifier>
    </Filter>
    <Filter Include="TZoo Source Files">
      <UniqueIdentifier>{cc0ff60c-d855-4113-bc7b-96a29df7875e}</UniqueIdentifier>
    </Filter>
  </ItemGroup>
  <ItemGroup>
    <ClCompile Include="Source.cpp">
      <Filter>Source Files</Filter>
    </ClCompile>
    <ClCompile Include="Classes\ZooIncludes\TAnimal.cpp">
      <Filter>TZoo Source Files</Filter>
    </ClCompile>
    <ClCompile Include="Classes\ZooIncludes\TArtiodactyla.cpp">
      <Filter>TZoo Source Files</Filter>
    </ClCompile>
    <ClCompile Include="Classes\ZooIncludes\TCarnivora.cpp">
      <Filter>TZoo Source Files</Filter>
    </ClCompile>
    <ClCompile Include="Classes\ZooIncludes\TElephas.cpp">
      <Filter>TZoo Source Files</Filter>
    </ClCompile>
    <ClCompile Include="Classes\ZooIncludes\TGiraffa.cpp">
      <Filter>TZoo Source Files</Filter>
    </ClCompile>
    <ClCompile Include="Classes\ZooIncludes\THippopotamus.cpp">
      <Filter>TZoo Source Files</Filter>
    </ClCompile>
    <ClCompile Include="Classes\ZooIncludes\TLeo.cpp">
      <Filter>TZoo Source Files</Filter>
    </ClCompile>
    <ClCompile Include="Classes\ZooIncludes\TLoxodonta.cpp">
      <Filter>TZoo Source Files</Filter>
    </ClCompile>
    <ClCompile Include="Classes\ZooIncludes\TProboscidea.cpp">
      <Filter>TZoo Source Files</Filter>
    </ClCompile>
    <ClCompile Include="Classes\ZooIncludes\TTigris.cpp">
      <Filter>TZoo Source Files</Filter>
    </ClCompile>
    <ClCompile Include="Classes\ZooIncludes\TZoo.cpp">
      <Filter>TZoo Source Files</Filter>
    </ClCompile>
  </ItemGroup>
  <ItemGroup>
    <ClInclude Include="Classes\ZooIncludes.h">
      <Filter>Header Files</Filter>
    </ClInclude>
    <ClInclude Include="Classes\ZooIncludes\TZoo.h">
      <Filter>TZoo Header Files</Filter>
    </ClInclude>
    <ClInclude Include="Classes\ZooIncludes\TTigris.h">
      <Filter>TZoo Header Files</Filter>
    </ClInclude>
    <ClInclude Include="Classes\ZooIncludes\TProboscidea.h">
      <Filter>TZoo Header Files</Filter>
    </ClInclude>
    <ClInclude Include="Classes\ZooIncludes\TLoxodonta.h">
      <Filter>TZoo Header Files</Filter>
    </ClInclude>
    <ClInclude Include="Classes\ZooIncludes\TLeo.h">
      <Filter>TZoo Header Files</Filter>
    </ClInclude>
    <ClInclude Include="Classes\ZooIncludes\THippopotamus.h">
      <Filter>TZoo Header Files</Filter>
    </ClInclude>
    <ClInclude Include="Classes\ZooIncludes\TGiraffa.h">
      <Filter>TZoo Header Files</Filter>
    </ClInclude>
    <ClInclude Include="Classes\ZooIncludes\TElephas.h">
      <Filter>TZoo Header Files</Filter>
    </ClInclude>
    <ClInclude Include="Classes\ZooIncludes\TCarnivora.h">
      <Filter>TZoo Header Files</Filter>
    </ClInclude>
    <ClInclude Include="Classes\ZooIncludes\TArtiodactyla.h">
      <Filter>TZoo Header Files</Filter>
    </ClInclude>
    <ClInclude Include="Classes\ZooIncludes\TAnimal.h">
      <Filter>TZoo Header Files</Filter>
    </ClInclude>
  </ItemGroup>
</Project>