<?xml version="1.0" encoding="utf-8"?>
<Project ToolsVersion="4.0" xmlns="http://schemas.microsoft.com/developer/msbuild/2003">
  <ItemGroup>
    <Filter Include="win32">
      <UniqueIdentifier>{84a8ebd7-7cf0-47f6-b75e-d441df67da40}</UniqueIdentifier>
    </Filter>
    <Filter Include="resource">
      <UniqueIdentifier>{715254bc-d70b-4ec5-bf29-467dd3ace079}</UniqueIdentifier>
    </Filter>
    <Filter Include="src">
      <UniqueIdentifier>{bb6c862e-70e9-49d9-81b7-3829a6f50471}</UniqueIdentifier>
    </Filter>
    <Filter Include="src\objects">
      <UniqueIdentifier>{dedce40e-80e2-44e0-a030-83a2cc3c62ae}</UniqueIdentifier>
    </Filter>
    <Filter Include="src\objects\castles">
      <UniqueIdentifier>{8571be45-d102-4a25-b090-6f4bea44fb15}</UniqueIdentifier>
    </Filter>
    <Filter Include="src\objects\blocks">
      <UniqueIdentifier>{01343364-69ca-47d0-81db-d7e710c65fce}</UniqueIdentifier>
    </Filter>
    <Filter Include="src\objects\attackers">
      <UniqueIdentifier>{1dd1e2ab-56f7-46be-9f8f-cb2a86a5d8c9}</UniqueIdentifier>
    </Filter>
  </ItemGroup>
  <ItemGroup>
    <ClCompile Include="main.cpp">
      <Filter>win32</Filter>
    </ClCompile>
    <ClCompile Include="..\Classes\AppDelegate.cpp">
      <Filter>src</Filter>
    </ClCompile>
    <ClCompile Include="..\Classes\GameScene.cpp">
      <Filter>src</Filter>
    </ClCompile>
    <ClCompile Include="..\Classes\DynamicObject.cpp">
      <Filter>src\objects</Filter>
    </ClCompile>
    <ClCompile Include="..\Classes\GameObject.cpp">
      <Filter>src\objects</Filter>
    </ClCompile>
    <ClCompile Include="..\Classes\AttackerObject.cpp">
      <Filter>src\objects</Filter>
    </ClCompile>
    <ClCompile Include="..\Classes\StaticObject.cpp">
      <Filter>src\objects</Filter>
    </ClCompile>
    <ClCompile Include="..\Classes\BlockObject.cpp">
      <Filter>src\objects</Filter>
    </ClCompile>
    <ClCompile Include="..\Classes\CastleObject.cpp">
      <Filter>src\objects</Filter>
    </ClCompile>
    <ClCompile Include="..\Classes\blocks\BasicBlockObject.cpp">
      <Filter>src\objects\blocks</Filter>
    </ClCompile>
    <ClCompile Include="..\Classes\attackers\SimpleAttackerObject.cpp">
      <Filter>src\objects\attackers</Filter>
    </ClCompile>
    <ClCompile Include="..\Classes\castles\SimpleCastleObject.cpp">
      <Filter>src\objects\castles</Filter>
    </ClCompile>
    <ClCompile Include="..\Classes\castles\StrongCastleObject.cpp">
      <Filter>src\objects\castles</Filter>
    </ClCompile>
    <ClCompile Include="..\Classes\attackers\FirstAttackerObject.cpp">
      <Filter>src\objects\attackers</Filter>
    </ClCompile>
    <ClCompile Include="..\Classes\attackers\SecondAttackerObject.cpp">
      <Filter>src\objects\attackers</Filter>
    </ClCompile>
    <ClCompile Include="..\Classes\attackers\ThirdAttackerObject.cpp">
      <Filter>src\objects\attackers</Filter>
    </ClCompile>
    <ClCompile Include="..\Classes\blocks\GrassBlockObject.cpp">
      <Filter>src\objects\blocks</Filter>
    </ClCompile>
    <ClCompile Include="..\Classes\AliveObject.cpp">
      <Filter>src\objects</Filter>
    </ClCompile>
  </ItemGroup>
  <ItemGroup>
    <ClInclude Include="main.h">
      <Filter>win32</Filter>
    </ClInclude>
    <ClInclude Include="..\Classes\AppDelegate.h">
      <Filter>src</Filter>
    </ClInclude>
    <ClInclude Include="..\Classes\GameScene.h">
      <Filter>src</Filter>
    </ClInclude>
    <ClInclude Include="..\Classes\DynamicObject.h">
      <Filter>src\objects</Filter>
    </ClInclude>
    <ClInclude Include="..\Classes\GameObject.h">
      <Filter>src\objects</Filter>
    </ClInclude>
    <ClInclude Include="..\Classes\AttackerObject.h">
      <Filter>src\objects</Filter>
    </ClInclude>
    <ClInclude Include="..\Classes\StaticObject.h">
      <Filter>src\objects</Filter>
    </ClInclude>
    <ClInclude Include="..\Classes\BlockObject.h">
      <Filter>src\objects</Filter>
    </ClInclude>
    <ClInclude Include="..\Classes\CastleObject.h">
      <Filter>src\objects</Filter>
    </ClInclude>
    <ClInclude Include="..\Classes\blocks\BasicBlockObject.h">
      <Filter>src\objects\blocks</Filter>
    </ClInclude>
    <ClInclude Include="..\Classes\attackers\SimpleAttackerObject.h">
      <Filter>src\objects\attackers</Filter>
    </ClInclude>
    <ClInclude Include="..\Classes\castles\SimpleCastleObject.h">
      <Filter>src\objects\castles</Filter>
    </ClInclude>
    <ClInclude Include="..\Classes\castles\StrongCastleObject.h">
      <Filter>src\objects\castles</Filter>
    </ClInclude>
    <ClInclude Include="..\Classes\attackers\FirstAttackerObject.h">
      <Filter>src\objects\attackers</Filter>
    </ClInclude>
    <ClInclude Include="..\Classes\attackers\SecondAttackerObject.h">
      <Filter>src\objects\attackers</Filter>
    </ClInclude>
    <ClInclude Include="..\Classes\attackers\ThirdAttackerObject.h">
      <Filter>src\objects\attackers</Filter>
    </ClInclude>
    <ClInclude Include="..\Classes\blocks\GrassBlockObject.h">
      <Filter>src\objects\blocks</Filter>
    </ClInclude>
    <ClInclude Include="..\Classes\AliveObject.h">
      <Filter>src\objects</Filter>
    </ClInclude>
  </ItemGroup>
  <ItemGroup>
    <ResourceCompile Include="game.rc">
      <Filter>resource</Filter>
    </ResourceCompile>
  </ItemGroup>
</Project>