<?xml version="1.0" encoding="utf-8"?>
<Project ToolsVersion="4.0" xmlns="http://schemas.microsoft.com/developer/msbuild/2003">
  <ItemGroup>
    <Filter Include="resource">
      <UniqueIdentifier>{715254bc-d70b-4ec5-bf29-467dd3ace079}</UniqueIdentifier>
    </Filter>
    <Filter Include="src">
      <UniqueIdentifier>{bb6c862e-70e9-49d9-81b7-3829a6f50471}</UniqueIdentifier>
    </Filter>
    <Filter Include="src\objects">
      <UniqueIdentifier>{dedce40e-80e2-44e0-a030-83a2cc3c62ae}</UniqueIdentifier>
    </Filter>
    <Filter Include="src\objects\base">
      <UniqueIdentifier>{7982f281-549a-4ec4-976c-0ae2b7e3aa59}</UniqueIdentifier>
    </Filter>
    <Filter Include="src\objects\visible">
      <UniqueIdentifier>{ed24da0d-ff42-4635-8b70-ae3c5df40db2}</UniqueIdentifier>
    </Filter>
    <Filter Include="src\scenes">
      <UniqueIdentifier>{b8c1e31a-eb01-49ce-a206-144164e488d2}</UniqueIdentifier>
    </Filter>
    <Filter Include="src\win32">
      <UniqueIdentifier>{84a8ebd7-7cf0-47f6-b75e-d441df67da40}</UniqueIdentifier>
    </Filter>
  </ItemGroup>
  <ItemGroup>
    <ClCompile Include="main.cpp">
      <Filter>src\win32</Filter>
    </ClCompile>
    <ClCompile Include="..\Classes\AttackerObject.cpp">
      <Filter>src\objects\visible</Filter>
    </ClCompile>
    <ClCompile Include="..\Classes\BlockObject.cpp">
      <Filter>src\objects\visible</Filter>
    </ClCompile>
    <ClCompile Include="..\Classes\CastleObject.cpp">
      <Filter>src\objects\visible</Filter>
    </ClCompile>
    <ClCompile Include="..\Classes\AliveObject.cpp">
      <Filter>src\objects\base</Filter>
    </ClCompile>
    <ClCompile Include="..\Classes\DynamicObject.cpp">
      <Filter>src\objects\base</Filter>
    </ClCompile>
    <ClCompile Include="..\Classes\GameObject.cpp">
      <Filter>src\objects\base</Filter>
    </ClCompile>
    <ClCompile Include="..\Classes\StaticObject.cpp">
      <Filter>src\objects\base</Filter>
    </ClCompile>
    <ClCompile Include="..\Classes\GameScene.cpp">
      <Filter>src\scenes</Filter>
    </ClCompile>
    <ClCompile Include="..\Classes\AppDelegate.cpp">
      <Filter>src</Filter>
    </ClCompile>
    <ClCompile Include="..\Classes\ButtonObject.cpp">
      <Filter>src\objects\visible</Filter>
    </ClCompile>
  </ItemGroup>
  <ItemGroup>
    <ClInclude Include="main.h">
      <Filter>src\win32</Filter>
    </ClInclude>
    <ClInclude Include="..\Classes\AttackerObject.h">
      <Filter>src\objects\visible</Filter>
    </ClInclude>
    <ClInclude Include="..\Classes\BlockObject.h">
      <Filter>src\objects\visible</Filter>
    </ClInclude>
    <ClInclude Include="..\Classes\CastleObject.h">
      <Filter>src\objects\visible</Filter>
    </ClInclude>
    <ClInclude Include="..\Classes\StaticObject.h">
      <Filter>src\objects\base</Filter>
    </ClInclude>
    <ClInclude Include="..\Classes\AliveObject.h">
      <Filter>src\objects\base</Filter>
    </ClInclude>
    <ClInclude Include="..\Classes\DynamicObject.h">
      <Filter>src\objects\base</Filter>
    </ClInclude>
    <ClInclude Include="..\Classes\GameObject.h">
      <Filter>src\objects\base</Filter>
    </ClInclude>
    <ClInclude Include="..\Classes\GameScene.h">
      <Filter>src\scenes</Filter>
    </ClInclude>
    <ClInclude Include="..\Classes\AppDelegate.h">
      <Filter>src</Filter>
    </ClInclude>
    <ClInclude Include="..\Classes\ButtonObject.h">
      <Filter>src\objects\visible</Filter>
    </ClInclude>
  </ItemGroup>
  <ItemGroup>
    <ResourceCompile Include="game.rc">
      <Filter>resource</Filter>
    </ResourceCompile>
  </ItemGroup>
</Project>